Microsoft Visual Studio Solution File, Format Version 12.00
# Visual Studio Version 17
VisualStudioVersion = 17.5.2.0
MinimumVisualStudioVersion = 10.0.40219.1
Project("{2150E333-8FDC-42A3-9474-1A3956D46DE8}") = "src", "src", "{827E0CD3-B72D-47B6-A68D-7590B98EB39B}"
EndProject
Project("{2150E333-8FDC-42A3-9474-1A3956D46DE8}") = "Cms.PostService", "Cms.PostService", "{6EABE363-D9C7-D4E6-230A-30A4ACE62923}"
EndProject
Project("{2150E333-8FDC-42A3-9474-1A3956D46DE8}") = "src", "src", "{085317E8-1F8A-9181-5A55-4BBCC6EBCFB8}"
EndProject
Project("{2150E333-8FDC-42A3-9474-1A3956D46DE8}") = "Cli", "Cli", "{093ADF31-31AE-C2E7-9258-82F30DABBB19}"
EndProject
Project("{FAE04EC0-301F-11D3-BF4B-00C04F79EFBC}") = "Cms.PostService.Cli", "src\Cms.PostService\src\Cli\src\Cms.PostService.Cli.csproj", "{07F453D2-B6D5-004D-69A5-BAA8E5916915}"
EndProject
Project("{2150E333-8FDC-42A3-9474-1A3956D46DE8}") = "Api", "Api", "{0F6DE9A8-3A8E-7444-096F-A1662D73AF3A}"
EndProject
Project("{FAE04EC0-301F-11D3-BF4B-00C04F79EFBC}") = "Cms.PostService.Api", "src\Cms.PostService\src\Api\src\Cms.PostService.Api.csproj", "{C526E58C-0BE7-40AF-AA8D-A8EED23FFBF8}"
EndProject
Project("{2150E333-8FDC-42A3-9474-1A3956D46DE8}") = "Application", "Application", "{00205B67-0D7A-C6B4-89ED-209B61BD6AF4}"
EndProject
Project("{FAE04EC0-301F-11D3-BF4B-00C04F79EFBC}") = "Cms.PostService.Application", "src\Cms.PostService\src\Application\src\Cms.PostService.Application.csproj", "{3D4581F4-B1A1-B2DE-46F3-FEFE08760B26}"
EndProject
Project("{2150E333-8FDC-42A3-9474-1A3956D46DE8}") = "Infrastructure", "Infrastructure", "{8C47E7A4-1014-A2AF-15F8-EB16A31FAB45}"
EndProject
Project("{FAE04EC0-301F-11D3-BF4B-00C04F79EFBC}") = "Cms.PostService.Infrastructure", "src\Cms.PostService\src\Infrastructure\src\Cms.PostService.Infrastructure.csproj", "{7563EE97-F78D-1272-A22E-7E38616FFCA1}"
EndProject
Project("{2150E333-8FDC-42A3-9474-1A3956D46DE8}") = "Domain", "Domain", "{CB2DBCD8-70A8-A7F6-FFB2-A2747DEB2DF1}"
EndProject
Project("{FAE04EC0-301F-11D3-BF4B-00C04F79EFBC}") = "Cms.PostService.Domain", "src\Cms.PostService\src\Domain\src\Cms.PostService.Domain.csproj", "{09E19E76-DD58-F75E-0B4A-3A50A6AF952D}"
EndProject
Global
	GlobalSection(SolutionConfigurationPlatforms) = preSolution
		Debug|Any CPU = Debug|Any CPU
		Release|Any CPU = Release|Any CPU
	EndGlobalSection
	GlobalSection(ProjectConfigurationPlatforms) = postSolution
		{07F453D2-B6D5-004D-69A5-BAA8E5916915}.Debug|Any CPU.ActiveCfg = Debug|Any CPU
		{07F453D2-B6D5-004D-69A5-BAA8E5916915}.Debug|Any CPU.Build.0 = Debug|Any CPU
		{07F453D2-B6D5-004D-69A5-BAA8E5916915}.Release|Any CPU.ActiveCfg = Release|Any CPU
		{07F453D2-B6D5-004D-69A5-BAA8E5916915}.Release|Any CPU.Build.0 = Release|Any CPU
		{C526E58C-0BE7-40AF-AA8D-A8EED23FFBF8}.Debug|Any CPU.ActiveCfg = Debug|Any CPU
		{C526E58C-0BE7-40AF-AA8D-A8EED23FFBF8}.Debug|Any CPU.Build.0 = Debug|Any CPU
		{C526E58C-0BE7-40AF-AA8D-A8EED23FFBF8}.Release|Any CPU.ActiveCfg = Release|Any CPU
		{C526E58C-0BE7-40AF-AA8D-A8EED23FFBF8}.Release|Any CPU.Build.0 = Release|Any CPU
		{3D4581F4-B1A1-B2DE-46F3-FEFE08760B26}.Debug|Any CPU.ActiveCfg = Debug|Any CPU
		{3D4581F4-B1A1-B2DE-46F3-FEFE08760B26}.Debug|Any CPU.Build.0 = Debug|Any CPU
		{3D4581F4-B1A1-B2DE-46F3-FEFE08760B26}.Release|Any CPU.ActiveCfg = Release|Any CPU
		{3D4581F4-B1A1-B2DE-46F3-FEFE08760B26}.Release|Any CPU.Build.0 = Release|Any CPU
		{7563EE97-F78D-1272-A22E-7E38616FFCA1}.Debug|Any CPU.ActiveCfg = Debug|Any CPU
		{7563EE97-F78D-1272-A22E-7E38616FFCA1}.Debug|Any CPU.Build.0 = Debug|Any CPU
		{7563EE97-F78D-1272-A22E-7E38616FFCA1}.Release|Any CPU.ActiveCfg = Release|Any CPU
		{7563EE97-F78D-1272-A22E-7E38616FFCA1}.Release|Any CPU.Build.0 = Release|Any CPU
		{09E19E76-DD58-F75E-0B4A-3A50A6AF952D}.Debug|Any CPU.ActiveCfg = Debug|Any CPU
		{09E19E76-DD58-F75E-0B4A-3A50A6AF952D}.Debug|Any CPU.Build.0 = Debug|Any CPU
		{09E19E76-DD58-F75E-0B4A-3A50A6AF952D}.Release|Any CPU.ActiveCfg = Release|Any CPU
		{09E19E76-DD58-F75E-0B4A-3A50A6AF952D}.Release|Any CPU.Build.0 = Release|Any CPU
	EndGlobalSection
	GlobalSection(SolutionProperties) = preSolution
		HideSolutionNode = FALSE
	EndGlobalSection
	GlobalSection(NestedProjects) = preSolution
		{6EABE363-D9C7-D4E6-230A-30A4ACE62923} = {827E0CD3-B72D-47B6-A68D-7590B98EB39B}
		{085317E8-1F8A-9181-5A55-4BBCC6EBCFB8} = {6EABE363-D9C7-D4E6-230A-30A4ACE62923}
		{093ADF31-31AE-C2E7-9258-82F30DABBB19} = {085317E8-1F8A-9181-5A55-4BBCC6EBCFB8}
		{07F453D2-B6D5-004D-69A5-BAA8E5916915} = {093ADF31-31AE-C2E7-9258-82F30DABBB19}
		{0F6DE9A8-3A8E-7444-096F-A1662D73AF3A} = {085317E8-1F8A-9181-5A55-4BBCC6EBCFB8}
		{C526E58C-0BE7-40AF-AA8D-A8EED23FFBF8} = {0F6DE9A8-3A8E-7444-096F-A1662D73AF3A}
		{00205B67-0D7A-C6B4-89ED-209B61BD6AF4} = {085317E8-1F8A-9181-5A55-4BBCC6EBCFB8}
		{3D4581F4-B1A1-B2DE-46F3-FEFE08760B26} = {00205B67-0D7A-C6B4-89ED-209B61BD6AF4}
		{8C47E7A4-1014-A2AF-15F8-EB16A31FAB45} = {085317E8-1F8A-9181-5A55-4BBCC6EBCFB8}
		{7563EE97-F78D-1272-A22E-7E38616FFCA1} = {8C47E7A4-1014-A2AF-15F8-EB16A31FAB45}
		{CB2DBCD8-70A8-A7F6-FFB2-A2747DEB2DF1} = {085317E8-1F8A-9181-5A55-4BBCC6EBCFB8}
		{09E19E76-DD58-F75E-0B4A-3A50A6AF952D} = {CB2DBCD8-70A8-A7F6-FFB2-A2747DEB2DF1}
	EndGlobalSection
	GlobalSection(ExtensibilityGlobals) = postSolution
		SolutionGuid = {5BD73359-7715-4643-997E-087CAE0886C1}
	EndGlobalSection
EndGlobal
